
Microsoft Visual Studio Solution File, Format Version 12.00
# Visual Studio 15
VisualStudioVersion = 15.0.28307.421
MinimumVisualStudioVersion = 10.0.40219.1
Project("{FAE04EC0-301F-11D3-BF4B-00C04F79EFBC}") = "SCP-682", "SCP-008\SCP-682.csproj", "{634BED95-CFD0-4D24-8267-20F85F4DD53C}"
EndProject
Global
	GlobalSection(SolutionConfigurationPlatforms) = preSolution
		Debug|Any CPU = Debug|Any CPU
		Release|Any CPU = Release|Any CPU
	EndGlobalSection
	GlobalSection(ProjectConfigurationPlatforms) = postSolution
		{634BED95-CFD0-4D24-8267-20F85F4DD53C}.Debug|Any CPU.ActiveCfg = Debug|Any CPU
		{634BED95-CFD0-4D24-8267-20F85F4DD53C}.Debug|Any CPU.Build.0 = Debug|Any CPU
		{634BED95-CFD0-4D24-8267-20F85F4DD53C}.Release|Any CPU.ActiveCfg = Release|Any CPU
		{634BED95-CFD0-4D24-8267-20F85F4DD53C}.Release|Any CPU.Build.0 = Release|Any CPU
	EndGlobalSection
	GlobalSection(SolutionProperties) = preSolution
		HideSolutionNode = FALSE
	EndGlobalSection
	GlobalSection(ExtensibilityGlobals) = postSolution
		SolutionGuid = {2B2F6BA1-84DB-42DD-B203-E3A9B0B5DF15}
	EndGlobalSection
EndGlobal
